
Microsoft Visual Studio Solution File, Format Version 12.00
Project("{FAE04EC0-301F-11D3-BF4B-00C04F79EFBC}") = "EmbedBot", "EmbedBot\EmbedBot.csproj", "{6359B98F-77BA-463D-A133-EF11CD59ED0B}"
EndProject
Project("{2150E333-8FDC-42A3-9474-1A3956D46DE8}") = "Solution Items", "Solution Items", "{DD3E3DAE-9D37-4C5E-96FA-B08E93F511B5}"
	ProjectSection(SolutionItems) = preProject
		CHANGELOG.md = CHANGELOG.md
		CONTRIBUTING.md = CONTRIBUTING.md
		LICENSE.md = LICENSE.md
		README.md = README.md
	EndProjectSection
EndProject
Global
	GlobalSection(SolutionConfigurationPlatforms) = preSolution
		Debug|Any CPU = Debug|Any CPU
		Release|Any CPU = Release|Any CPU
	EndGlobalSection
	GlobalSection(ProjectConfigurationPlatforms) = postSolution
		{6359B98F-77BA-463D-A133-EF11CD59ED0B}.Debug|Any CPU.ActiveCfg = Debug|Any CPU
		{6359B98F-77BA-463D-A133-EF11CD59ED0B}.Debug|Any CPU.Build.0 = Debug|Any CPU
		{6359B98F-77BA-463D-A133-EF11CD59ED0B}.Release|Any CPU.ActiveCfg = Release|Any CPU
		{6359B98F-77BA-463D-A133-EF11CD59ED0B}.Release|Any CPU.Build.0 = Release|Any CPU
	EndGlobalSection
EndGlobal
